
Microsoft Visual Studio Solution File, Format Version 12.00
# Visual Studio Version 17
VisualStudioVersion = 17.11.35312.102
MinimumVisualStudioVersion = 10.0.40219.1
Project("{9A19103F-16F7-4668-BE54-9A1E7A4F7556}") = "Koi88_WPF", "Koi88_WPF\Koi88_WPF.csproj", "{5756A187-8896-4595-BB06-85FE482D8EAC}"
EndProject
Project("{9A19103F-16F7-4668-BE54-9A1E7A4F7556}") = "Koi88_BusinessObject", "Koi88_BusinessObject\Koi88_BusinessObject.csproj", "{FE1D2711-5402-49AD-BE4A-F437117288B1}"
EndProject
Project("{9A19103F-16F7-4668-BE54-9A1E7A4F7556}") = "Koi88_DAO", "Koi88_DAO\Koi88_DAO.csproj", "{9D70D686-5BEC-4C66-AF03-4762967273C2}"
EndProject
Project("{9A19103F-16F7-4668-BE54-9A1E7A4F7556}") = "Koi88_Repository", "Koi88_Repository\Koi88_Repository.csproj", "{FD8C1413-892C-4FCD-AD9B-57093C511A35}"
EndProject
Project("{FAE04EC0-301F-11D3-BF4B-00C04F79EFBC}") = "Koi88_Service", "Koi88_Service\Koi88_Service.csproj", "{8BE4D340-A58B-4CB7-8197-2F28F274B188}"
EndProject
Global
	GlobalSection(SolutionConfigurationPlatforms) = preSolution
		Debug|Any CPU = Debug|Any CPU
		Release|Any CPU = Release|Any CPU
	EndGlobalSection
	GlobalSection(ProjectConfigurationPlatforms) = postSolution
		{5756A187-8896-4595-BB06-85FE482D8EAC}.Debug|Any CPU.ActiveCfg = Debug|Any CPU
		{5756A187-8896-4595-BB06-85FE482D8EAC}.Debug|Any CPU.Build.0 = Debug|Any CPU
		{5756A187-8896-4595-BB06-85FE482D8EAC}.Release|Any CPU.ActiveCfg = Release|Any CPU
		{5756A187-8896-4595-BB06-85FE482D8EAC}.Release|Any CPU.Build.0 = Release|Any CPU
		{FE1D2711-5402-49AD-BE4A-F437117288B1}.Debug|Any CPU.ActiveCfg = Debug|Any CPU
		{FE1D2711-5402-49AD-BE4A-F437117288B1}.Debug|Any CPU.Build.0 = Debug|Any CPU
		{FE1D2711-5402-49AD-BE4A-F437117288B1}.Release|Any CPU.ActiveCfg = Release|Any CPU
		{FE1D2711-5402-49AD-BE4A-F437117288B1}.Release|Any CPU.Build.0 = Release|Any CPU
		{9D70D686-5BEC-4C66-AF03-4762967273C2}.Debug|Any CPU.ActiveCfg = Debug|Any CPU
		{9D70D686-5BEC-4C66-AF03-4762967273C2}.Debug|Any CPU.Build.0 = Debug|Any CPU
		{9D70D686-5BEC-4C66-AF03-4762967273C2}.Release|Any CPU.ActiveCfg = Release|Any CPU
		{9D70D686-5BEC-4C66-AF03-4762967273C2}.Release|Any CPU.Build.0 = Release|Any CPU
		{FD8C1413-892C-4FCD-AD9B-57093C511A35}.Debug|Any CPU.ActiveCfg = Debug|Any CPU
		{FD8C1413-892C-4FCD-AD9B-57093C511A35}.Debug|Any CPU.Build.0 = Debug|Any CPU
		{FD8C1413-892C-4FCD-AD9B-57093C511A35}.Release|Any CPU.ActiveCfg = Release|Any CPU
		{FD8C1413-892C-4FCD-AD9B-57093C511A35}.Release|Any CPU.Build.0 = Release|Any CPU
		{8BE4D340-A58B-4CB7-8197-2F28F274B188}.Debug|Any CPU.ActiveCfg = Debug|Any CPU
		{8BE4D340-A58B-4CB7-8197-2F28F274B188}.Debug|Any CPU.Build.0 = Debug|Any CPU
		{8BE4D340-A58B-4CB7-8197-2F28F274B188}.Release|Any CPU.ActiveCfg = Release|Any CPU
		{8BE4D340-A58B-4CB7-8197-2F28F274B188}.Release|Any CPU.Build.0 = Release|Any CPU
	EndGlobalSection
	GlobalSection(SolutionProperties) = preSolution
		HideSolutionNode = FALSE
	EndGlobalSection
	GlobalSection(ExtensibilityGlobals) = postSolution
		SolutionGuid = {821B415A-E575-41B9-BD4E-40977A04BA1D}
	EndGlobalSection
EndGlobal
